
Microsoft Visual Studio Solution File, Format Version 12.00
# Visual Studio 15
VisualStudioVersion = 15.0.28010.2048
MinimumVisualStudioVersion = 10.0.40219.1
Project("{FAE04EC0-301F-11D3-BF4B-00C04F79EFBC}") = "RecognitionAPI", "RecognitionAPI\RecognitionAPI.csproj", "{7F841F3B-CB5C-4824-8F10-60289068F858}"
EndProject
Global
	GlobalSection(SolutionConfigurationPlatforms) = preSolution
		Debug|Any CPU = Debug|Any CPU
		Release|Any CPU = Release|Any CPU
	EndGlobalSection
	GlobalSection(ProjectConfigurationPlatforms) = postSolution
		{7F841F3B-CB5C-4824-8F10-60289068F858}.Debug|Any CPU.ActiveCfg = Debug|Any CPU
		{7F841F3B-CB5C-4824-8F10-60289068F858}.Debug|Any CPU.Build.0 = Debug|Any CPU
		{7F841F3B-CB5C-4824-8F10-60289068F858}.Release|Any CPU.ActiveCfg = Release|Any CPU
		{7F841F3B-CB5C-4824-8F10-60289068F858}.Release|Any CPU.Build.0 = Release|Any CPU
	EndGlobalSection
	GlobalSection(SolutionProperties) = preSolution
		HideSolutionNode = FALSE
	EndGlobalSection
	GlobalSection(ExtensibilityGlobals) = postSolution
		SolutionGuid = {4E632873-B59B-4318-A443-14F0317F6C7E}
	EndGlobalSection
EndGlobal
